
Microsoft Visual Studio Solution File, Format Version 12.00
# Visual Studio 14
VisualStudioVersion = 14.0.24720.0
MinimumVisualStudioVersion = 10.0.40219.1
Project("{FAE04EC0-301F-11D3-BF4B-00C04F79EFBC}") = "EMT_WebApp", "EMT_WebApp\EMT_WebApp.csproj", "{2174C3C1-E6C2-465E-8E69-2B3AD389B82C}"
EndProject
Project("{FAE04EC0-301F-11D3-BF4B-00C04F79EFBC}") = "EMT_WebApp.Tests", "EMT_WebApp.Tests\EMT_WebApp.Tests.csproj", "{523E4AA2-1CD4-4927-A225-514A17AA9B6F}"
EndProject
Project("{FAE04EC0-301F-11D3-BF4B-00C04F79EFBC}") = "EMT_EmailSender", "EMT_EmailSender\EMT_EmailSender.csproj", "{BF11C8DF-2C6C-413E-AC08-613F3AE7FBA7}"
EndProject
Project("{FAE04EC0-301F-11D3-BF4B-00C04F79EFBC}") = "EMT_EmailHelper", "EMT_EmailHelper\EMT_EmailHelper.csproj", "{2AED0ACC-6B84-4AA3-85AC-EB516A4FC13D}"
EndProject
Project("{FAE04EC0-301F-11D3-BF4B-00C04F79EFBC}") = "EMT_Utility", "EMT_Utility\EMT_Utility.csproj", "{4D52CBE3-6977-4191-A8F1-48F8F0F3BF2D}"
EndProject
Project("{FAE04EC0-301F-11D3-BF4B-00C04F79EFBC}") = "EMT_Exception", "EMT_Exception\EMT_Exception.csproj", "{81405CE2-19EB-4ACB-B2E7-CAA3346A7F69}"
EndProject
Project("{FAE04EC0-301F-11D3-BF4B-00C04F79EFBC}") = "EMT_CampaignService", "EMT_CampaignService\EMT_CampaignService.csproj", "{0159A28D-A8AC-4FBE-B3AB-086633833E97}"
EndProject
Project("{FAE04EC0-301F-11D3-BF4B-00C04F79EFBC}") = "EMT_Tracking", "EMT_Tracking\EMT_Tracking.csproj", "{84E7E8C0-C751-4A53-B177-29597F0FF381}"
EndProject
Project("{FAE04EC0-301F-11D3-BF4B-00C04F79EFBC}") = "EMT_DataAccessLayer", "EMT_DataAccessLayer\EMT_DataAccessLayer.csproj", "{275FB4A7-9F7E-43F4-95E2-EEFC537CB97D}"
EndProject
Project("{FAE04EC0-301F-11D3-BF4B-00C04F79EFBC}") = "TRK", "TRK\TRK.csproj", "{671D5A22-1A95-4F9C-938E-E8E106B0D08F}"
EndProject
Global
	GlobalSection(SolutionConfigurationPlatforms) = preSolution
		Debug|Any CPU = Debug|Any CPU
		Release|Any CPU = Release|Any CPU
	EndGlobalSection
	GlobalSection(ProjectConfigurationPlatforms) = postSolution
		{2174C3C1-E6C2-465E-8E69-2B3AD389B82C}.Debug|Any CPU.ActiveCfg = Debug|Any CPU
		{2174C3C1-E6C2-465E-8E69-2B3AD389B82C}.Debug|Any CPU.Build.0 = Debug|Any CPU
		{2174C3C1-E6C2-465E-8E69-2B3AD389B82C}.Release|Any CPU.ActiveCfg = Release|Any CPU
		{2174C3C1-E6C2-465E-8E69-2B3AD389B82C}.Release|Any CPU.Build.0 = Release|Any CPU
		{523E4AA2-1CD4-4927-A225-514A17AA9B6F}.Debug|Any CPU.ActiveCfg = Debug|Any CPU
		{523E4AA2-1CD4-4927-A225-514A17AA9B6F}.Debug|Any CPU.Build.0 = Debug|Any CPU
		{523E4AA2-1CD4-4927-A225-514A17AA9B6F}.Release|Any CPU.ActiveCfg = Release|Any CPU
		{523E4AA2-1CD4-4927-A225-514A17AA9B6F}.Release|Any CPU.Build.0 = Release|Any CPU
		{BF11C8DF-2C6C-413E-AC08-613F3AE7FBA7}.Debug|Any CPU.ActiveCfg = Debug|Any CPU
		{BF11C8DF-2C6C-413E-AC08-613F3AE7FBA7}.Debug|Any CPU.Build.0 = Debug|Any CPU
		{BF11C8DF-2C6C-413E-AC08-613F3AE7FBA7}.Release|Any CPU.ActiveCfg = Release|Any CPU
		{BF11C8DF-2C6C-413E-AC08-613F3AE7FBA7}.Release|Any CPU.Build.0 = Release|Any CPU
		{2AED0ACC-6B84-4AA3-85AC-EB516A4FC13D}.Debug|Any CPU.ActiveCfg = Debug|Any CPU
		{2AED0ACC-6B84-4AA3-85AC-EB516A4FC13D}.Debug|Any CPU.Build.0 = Debug|Any CPU
		{2AED0ACC-6B84-4AA3-85AC-EB516A4FC13D}.Release|Any CPU.ActiveCfg = Release|Any CPU
		{2AED0ACC-6B84-4AA3-85AC-EB516A4FC13D}.Release|Any CPU.Build.0 = Release|Any CPU
		{4D52CBE3-6977-4191-A8F1-48F8F0F3BF2D}.Debug|Any CPU.ActiveCfg = Debug|Any CPU
		{4D52CBE3-6977-4191-A8F1-48F8F0F3BF2D}.Debug|Any CPU.Build.0 = Debug|Any CPU
		{4D52CBE3-6977-4191-A8F1-48F8F0F3BF2D}.Release|Any CPU.ActiveCfg = Release|Any CPU
		{4D52CBE3-6977-4191-A8F1-48F8F0F3BF2D}.Release|Any CPU.Build.0 = Release|Any CPU
		{81405CE2-19EB-4ACB-B2E7-CAA3346A7F69}.Debug|Any CPU.ActiveCfg = Debug|Any CPU
		{81405CE2-19EB-4ACB-B2E7-CAA3346A7F69}.Debug|Any CPU.Build.0 = Debug|Any CPU
		{81405CE2-19EB-4ACB-B2E7-CAA3346A7F69}.Release|Any CPU.ActiveCfg = Release|Any CPU
		{81405CE2-19EB-4ACB-B2E7-CAA3346A7F69}.Release|Any CPU.Build.0 = Release|Any CPU
		{0159A28D-A8AC-4FBE-B3AB-086633833E97}.Debug|Any CPU.ActiveCfg = Debug|Any CPU
		{0159A28D-A8AC-4FBE-B3AB-086633833E97}.Debug|Any CPU.Build.0 = Debug|Any CPU
		{0159A28D-A8AC-4FBE-B3AB-086633833E97}.Release|Any CPU.ActiveCfg = Release|Any CPU
		{0159A28D-A8AC-4FBE-B3AB-086633833E97}.Release|Any CPU.Build.0 = Release|Any CPU
		{84E7E8C0-C751-4A53-B177-29597F0FF381}.Debug|Any CPU.ActiveCfg = Debug|Any CPU
		{84E7E8C0-C751-4A53-B177-29597F0FF381}.Debug|Any CPU.Build.0 = Debug|Any CPU
		{84E7E8C0-C751-4A53-B177-29597F0FF381}.Release|Any CPU.ActiveCfg = Release|Any CPU
		{84E7E8C0-C751-4A53-B177-29597F0FF381}.Release|Any CPU.Build.0 = Release|Any CPU
		{275FB4A7-9F7E-43F4-95E2-EEFC537CB97D}.Debug|Any CPU.ActiveCfg = Debug|Any CPU
		{275FB4A7-9F7E-43F4-95E2-EEFC537CB97D}.Debug|Any CPU.Build.0 = Debug|Any CPU
		{275FB4A7-9F7E-43F4-95E2-EEFC537CB97D}.Release|Any CPU.ActiveCfg = Release|Any CPU
		{275FB4A7-9F7E-43F4-95E2-EEFC537CB97D}.Release|Any CPU.Build.0 = Release|Any CPU
		{671D5A22-1A95-4F9C-938E-E8E106B0D08F}.Debug|Any CPU.ActiveCfg = Debug|Any CPU
		{671D5A22-1A95-4F9C-938E-E8E106B0D08F}.Debug|Any CPU.Build.0 = Debug|Any CPU
		{671D5A22-1A95-4F9C-938E-E8E106B0D08F}.Release|Any CPU.ActiveCfg = Release|Any CPU
		{671D5A22-1A95-4F9C-938E-E8E106B0D08F}.Release|Any CPU.Build.0 = Release|Any CPU
	EndGlobalSection
	GlobalSection(SolutionProperties) = preSolution
		HideSolutionNode = FALSE
	EndGlobalSection
EndGlobal
